// !$*UTF8*$!
{
	archiveVersion = 1;
	classes = {
	};
	objectVersion = 48;
	objects = {

/* Begin PBXBuildFile section */
		08A9155320BA8692002C58D5 /* AppDelegate.m in Sources */ = {isa = PBXBuildFile; fileRef = 08A9155220BA8692002C58D5 /* AppDelegate.m */; };
		08A9155620BA8692002C58D5 /* ViewController.m in Sources */ = {isa = PBXBuildFile; fileRef = 08A9155520BA8692002C58D5 /* ViewController.m */; };
		08A9155920BA8692002C58D5 /* Main.storyboard in Resources */ = {isa = PBXBuildFile; fileRef = 08A9155720BA8692002C58D5 /* Main.storyboard */; };
		08A9155B20BA8692002C58D5 /* Assets.xcassets in Resources */ = {isa = PBXBuildFile; fileRef = 08A9155A20BA8692002C58D5 /* Assets.xcassets */; };
		08A9155E20BA8692002C58D5 /* LaunchScreen.storyboard in Resources */ = {isa = PBXBuildFile; fileRef = 08A9155C20BA8692002C58D5 /* LaunchScreen.storyboard */; };
		08A9156120BA8692002C58D5 /* main.m in Sources */ = {isa = PBXBuildFile; fileRef = 08A9156020BA8692002C58D5 /* main.m */; };
		08A9156B20BA8692002C58D5 /* MyTracerouteTests.m in Sources */ = {isa = PBXBuildFile; fileRef = 08A9156A20BA8692002C58D5 /* MyTracerouteTests.m */; };
		08A9157620BA8692002C58D5 /* MyTracerouteUITests.m in Sources */ = {isa = PBXBuildFile; fileRef = 08A9157520BA8692002C58D5 /* MyTracerouteUITests.m */; };
		08A9158520BA8728002C58D5 /* HXTraceroute.m in Sources */ = {isa = PBXBuildFile; fileRef = 08A9158420BA8728002C58D5 /* HXTraceroute.m */; };
		08A9158820BA8A4A002C58D5 /* HXTracerouteTool.m in Sources */ = {isa = PBXBuildFile; fileRef = 08A9158720BA8A4A002C58D5 /* HXTracerouteTool.m */; };
		08A9158B20BAA5AD002C58D5 /* HXTracerouteRecord.m in Sources */ = {isa = PBXBuildFile; fileRef = 08A9158A20BAA5AD002C58D5 /* HXTracerouteRecord.m */; };
/* End PBXBuildFile section */

/* Begin PBXContainerItemProxy section */
		08A9156720BA8692002C58D5 /* PBXContainerItemProxy */ = {
			isa = PBXContainerItemProxy;
			containerPortal = 08A9154620BA8692002C58D5 /* Project object */;
			proxyType = 1;
			remoteGlobalIDString = 08A9154D20BA8692002C58D5;
			remoteInfo = MyTraceroute;
		};
		08A9157220BA8692002C58D5 /* PBXContainerItemProxy */ = {
			isa = PBXContainerItemProxy;
			containerPortal = 08A9154620BA8692002C58D5 /* Project object */;
			proxyType = 1;
			remoteGlobalIDString = 08A9154D20BA8692002C58D5;
			remoteInfo = MyTraceroute;
		};
/* End PBXContainerItemProxy section */

/* Begin PBXFileReference section */
		08A9154E20BA8692002C58D5 /* MyTraceroute.app */ = {isa = PBXFileReference; explicitFileType = wrapper.application; includeInIndex = 0; path = MyTraceroute.app; sourceTree = BUILT_PRODUCTS_DIR; };
		08A9155120BA8692002C58D5 /* AppDelegate.h */ = {isa = PBXFileReference; lastKnownFileType = sourcecode.c.h; path = AppDelegate.h; sourceTree = "<group>"; };
		08A9155220BA8692002C58D5 /* AppDelegate.m */ = {isa = PBXFileReference; lastKnownFileType = sourcecode.c.objc; path = AppDelegate.m; sourceTree = "<group>"; };
		08A9155420BA8692002C58D5 /* ViewController.h */ = {isa = PBXFileReference; lastKnownFileType = sourcecode.c.h; path = ViewController.h; sourceTree = "<group>"; };
		08A9155520BA8692002C58D5 /* ViewController.m */ = {isa = PBXFileReference; lastKnownFileType = sourcecode.c.objc; path = ViewController.m; sourceTree = "<group>"; };
		08A9155820BA8692002C58D5 /* Base */ = {isa = PBXFileReference; lastKnownFileType = file.storyboard; name = Base; path = Base.lproj/Main.storyboard; sourceTree = "<group>"; };
		08A9155A20BA8692002C58D5 /* Assets.xcassets */ = {isa = PBXFileReference; lastKnownFileType = folder.assetcatalog; path = Assets.xcassets; sourceTree = "<group>"; };
		08A9155D20BA8692002C58D5 /* Base */ = {isa = PBXFileReference; lastKnownFileType = file.storyboard; name = Base; path = Base.lproj/LaunchScreen.storyboard; sourceTree = "<group>"; };
		08A9155F20BA8692002C58D5 /* Info.plist */ = {isa = PBXFileReference; lastKnownFileType = text.plist.xml; path = Info.plist; sourceTree = "<group>"; };
		08A9156020BA8692002C58D5 /* main.m */ = {isa = PBXFileReference; lastKnownFileType = sourcecode.c.objc; path = main.m; sourceTree = "<group>"; };
		08A9156620BA8692002C58D5 /* MyTracerouteTests.xctest */ = {isa = PBXFileReference; explicitFileType = wrapper.cfbundle; includeInIndex = 0; path = MyTracerouteTests.xctest; sourceTree = BUILT_PRODUCTS_DIR; };
		08A9156A20BA8692002C58D5 /* MyTracerouteTests.m */ = {isa = PBXFileReference; lastKnownFileType = sourcecode.c.objc; path = MyTracerouteTests.m; sourceTree = "<group>"; };
		08A9156C20BA8692002C58D5 /* Info.plist */ = {isa = PBXFileReference; lastKnownFileType = text.plist.xml; path = Info.plist; sourceTree = "<group>"; };
		08A9157120BA8692002C58D5 /* MyTracerouteUITests.xctest */ = {isa = PBXFileReference; explicitFileType = wrapper.cfbundle; includeInIndex = 0; path = MyTracerouteUITests.xctest; sourceTree = BUILT_PRODUCTS_DIR; };
		08A9157520BA8692002C58D5 /* MyTracerouteUITests.m */ = {isa = PBXFileReference; lastKnownFileType = sourcecode.c.objc; path = MyTracerouteUITests.m; sourceTree = "<group>"; };
		08A9157720BA8692002C58D5 /* Info.plist */ = {isa = PBXFileReference; lastKnownFileType = text.plist.xml; path = Info.plist; sourceTree = "<group>"; };
		08A9158320BA8728002C58D5 /* HXTraceroute.h */ = {isa = PBXFileReference; lastKnownFileType = sourcecode.c.h; path = HXTraceroute.h; sourceTree = "<group>"; };
		08A9158420BA8728002C58D5 /* HXTraceroute.m */ = {isa = PBXFileReference; lastKnownFileType = sourcecode.c.objc; path = HXTraceroute.m; sourceTree = "<group>"; };
		08A9158620BA8A4A002C58D5 /* HXTracerouteTool.h */ = {isa = PBXFileReference; lastKnownFileType = sourcecode.c.h; path = HXTracerouteTool.h; sourceTree = "<group>"; };
		08A9158720BA8A4A002C58D5 /* HXTracerouteTool.m */ = {isa = PBXFileReference; lastKnownFileType = sourcecode.c.objc; path = HXTracerouteTool.m; sourceTree = "<group>"; };
		08A9158920BAA5AD002C58D5 /* HXTracerouteRecord.h */ = {isa = PBXFileReference; lastKnownFileType = sourcecode.c.h; path = HXTracerouteRecord.h; sourceTree = "<group>"; };
		08A9158A20BAA5AD002C58D5 /* HXTracerouteRecord.m */ = {isa = PBXFileReference; lastKnownFileType = sourcecode.c.objc; path = HXTracerouteRecord.m; sourceTree = "<group>"; };
/* End PBXFileReference section */

/* Begin PBXFrameworksBuildPhase section */
		08A9154B20BA8692002C58D5 /* Frameworks */ = {
			isa = PBXFrameworksBuildPhase;
			buildActionMask = 2147483647;
			files = (
			);
			runOnlyForDeploymentPostprocessing = 0;
		};
		08A9156320BA8692002C58D5 /* Frameworks */ = {
			isa = PBXFrameworksBuildPhase;
			buildActionMask = 2147483647;
			files = (
			);
			runOnlyForDeploymentPostprocessing = 0;
		};
		08A9156E20BA8692002C58D5 /* Frameworks */ = {
			isa = PBXFrameworksBuildPhase;
			buildActionMask = 2147483647;
			files = (
			);
			runOnlyForDeploymentPostprocessing = 0;
		};
/* End PBXFrameworksBuildPhase section */

/* Begin PBXGroup section */
		0821282220BACB4100D161A6 /* HXTraceroute */ = {
			isa = PBXGroup;
			children = (
				08A9158320BA8728002C58D5 /* HXTraceroute.h */,
				08A9158420BA8728002C58D5 /* HXTraceroute.m */,
				08A9158920BAA5AD002C58D5 /* HXTracerouteRecord.h */,
				08A9158A20BAA5AD002C58D5 /* HXTracerouteRecord.m */,
				08A9158620BA8A4A002C58D5 /* HXTracerouteTool.h */,
				08A9158720BA8A4A002C58D5 /* HXTracerouteTool.m */,
			);
			path = HXTraceroute;
			sourceTree = "<group>";
		};
		08A9154520BA8692002C58D5 = {
			isa = PBXGroup;
			children = (
				0821282220BACB4100D161A6 /* HXTraceroute */,
				08A9155020BA8692002C58D5 /* MyTraceroute */,
				08A9156920BA8692002C58D5 /* MyTracerouteTests */,
				08A9157420BA8692002C58D5 /* MyTracerouteUITests */,
				08A9154F20BA8692002C58D5 /* Products */,
			);
			sourceTree = "<group>";
		};
		08A9154F20BA8692002C58D5 /* Products */ = {
			isa = PBXGroup;
			children = (
				08A9154E20BA8692002C58D5 /* MyTraceroute.app */,
				08A9156620BA8692002C58D5 /* MyTracerouteTests.xctest */,
				08A9157120BA8692002C58D5 /* MyTracerouteUITests.xctest */,
			);
			name = Products;
			sourceTree = "<group>";
		};
		08A9155020BA8692002C58D5 /* MyTraceroute */ = {
			isa = PBXGroup;
			children = (
				08A9155120BA8692002C58D5 /* AppDelegate.h */,
				08A9155220BA8692002C58D5 /* AppDelegate.m */,
				08A9155420BA8692002C58D5 /* ViewController.h */,
				08A9155520BA8692002C58D5 /* ViewController.m */,
				08A9155720BA8692002C58D5 /* Main.storyboard */,
				08A9155A20BA8692002C58D5 /* Assets.xcassets */,
				08A9155C20BA8692002C58D5 /* LaunchScreen.storyboard */,
				08A9155F20BA8692002C58D5 /* Info.plist */,
				08A9156020BA8692002C58D5 /* main.m */,
			);
			path = MyTraceroute;
			sourceTree = "<group>";
		};
		08A9156920BA8692002C58D5 /* MyTracerouteTests */ = {
			isa = PBXGroup;
			children = (
				08A9156A20BA8692002C58D5 /* MyTracerouteTests.m */,
				08A9156C20BA8692002C58D5 /* Info.plist */,
			);
			path = MyTracerouteTests;
			sourceTree = "<group>";
		};
		08A9157420BA8692002C58D5 /* MyTracerouteUITests */ = {
			isa = PBXGroup;
			children = (
				08A9157520BA8692002C58D5 /* MyTracerouteUITests.m */,
				08A9157720BA8692002C58D5 /* Info.plist */,
			);
			path = MyTracerouteUITests;
			sourceTree = "<group>";
		};
/* End PBXGroup section */

/* Begin PBXNativeTarget section */
		08A9154D20BA8692002C58D5 /* MyTraceroute */ = {
			isa = PBXNativeTarget;
			buildConfigurationList = 08A9157A20BA8692002C58D5 /* Build configuration list for PBXNativeTarget "MyTraceroute" */;
			buildPhases = (
				08A9154A20BA8692002C58D5 /* Sources */,
				08A9154B20BA8692002C58D5 /* Frameworks */,
				08A9154C20BA8692002C58D5 /* Resources */,
			);
			buildRules = (
			);
			dependencies = (
			);
			name = MyTraceroute;
			productName = MyTraceroute;
			productReference = 08A9154E20BA8692002C58D5 /* MyTraceroute.app */;
			productType = "com.apple.product-type.application";
		};
		08A9156520BA8692002C58D5 /* MyTracerouteTests */ = {
			isa = PBXNativeTarget;
			buildConfigurationList = 08A9157D20BA8692002C58D5 /* Build configuration list for PBXNativeTarget "MyTracerouteTests" */;
			buildPhases = (
				08A9156220BA8692002C58D5 /* Sources */,
				08A9156320BA8692002C58D5 /* Frameworks */,
				08A9156420BA8692002C58D5 /* Resources */,
			);
			buildRules = (
			);
			dependencies = (
				08A9156820BA8692002C58D5 /* PBXTargetDependency */,
			);
			name = MyTracerouteTests;
			productName = MyTracerouteTests;
			productReference = 08A9156620BA8692002C58D5 /* MyTracerouteTests.xctest */;
			productType = "com.apple.product-type.bundle.unit-test";
		};
		08A9157020BA8692002C58D5 /* MyTracerouteUITests */ = {
			isa = PBXNativeTarget;
			buildConfigurationList = 08A9158020BA8692002C58D5 /* Build configuration list for PBXNativeTarget "MyTracerouteUITests" */;
			buildPhases = (
				08A9156D20BA8692002C58D5 /* Sources */,
				08A9156E20BA8692002C58D5 /* Frameworks */,
				08A9156F20BA8692002C58D5 /* Resources */,
			);
			buildRules = (
			);
			dependencies = (
				08A9157320BA8692002C58D5 /* PBXTargetDependency */,
			);
			name = MyTracerouteUITests;
			productName = MyTracerouteUITests;
			productReference = 08A9157120BA8692002C58D5 /* MyTracerouteUITests.xctest */;
			productType = "com.apple.product-type.bundle.ui-testing";
		};
/* End PBXNativeTarget section */

/* Begin PBXProject section */
		08A9154620BA8692002C58D5 /* Project object */ = {
			isa = PBXProject;
			attributes = {
				LastUpgradeCheck = 0900;
				ORGANIZATIONNAME = hzl;
				TargetAttributes = {
					08A9154D20BA8692002C58D5 = {
						CreatedOnToolsVersion = 9.0;
						ProvisioningStyle = Automatic;
					};
					08A9156520BA8692002C58D5 = {
						CreatedOnToolsVersion = 9.0;
						ProvisioningStyle = Automatic;
						TestTargetID = 08A9154D20BA8692002C58D5;
					};
					08A9157020BA8692002C58D5 = {
						CreatedOnToolsVersion = 9.0;
						ProvisioningStyle = Automatic;
						TestTargetID = 08A9154D20BA8692002C58D5;
					};
				};
			};
			buildConfigurationList = 08A9154920BA8692002C58D5 /* Build configuration list for PBXProject "MyTraceroute" */;
			compatibilityVersion = "Xcode 8.0";
			developmentRegion = en;
			hasScannedForEncodings = 0;
			knownRegions = (
				en,
				Base,
			);
			mainGroup = 08A9154520BA8692002C58D5;
			productRefGroup = 08A9154F20BA8692002C58D5 /* Products */;
			projectDirPath = "";
			projectRoot = "";
			targets = (
				08A9154D20BA8692002C58D5 /* MyTraceroute */,
				08A9156520BA8692002C58D5 /* MyTracerouteTests */,
				08A9157020BA8692002C58D5 /* MyTracerouteUITests */,
			);
		};
/* End PBXProject section */

/* Begin PBXResourcesBuildPhase section */
		08A9154C20BA8692002C58D5 /* Resources */ = {
			isa = PBXResourcesBuildPhase;
			buildActionMask = 2147483647;
			files = (
				08A9155E20BA8692002C58D5 /* LaunchScreen.storyboard in Resources */,
				08A9155B20BA8692002C58D5 /* Assets.xcassets in Resources */,
				08A9155920BA8692002C58D5 /* Main.storyboard in Resources */,
			);
			runOnlyForDeploymentPostprocessing = 0;
		};
		08A9156420BA8692002C58D5 /* Resources */ = {
			isa = PBXResourcesBuildPhase;
			buildActionMask = 2147483647;
			files = (
			);
			runOnlyForDeploymentPostprocessing = 0;
		};
		08A9156F20BA8692002C58D5 /* Resources */ = {
			isa = PBXResourcesBuildPhase;
			buildActionMask = 2147483647;
			files = (
			);
			runOnlyForDeploymentPostprocessing = 0;
		};
/* End PBXResourcesBuildPhase section */

/* Begin PBXSourcesBuildPhase section */
		08A9154A20BA8692002C58D5 /* Sources */ = {
			isa = PBXSourcesBuildPhase;
			buildActionMask = 2147483647;
			files = (
				08A9155620BA8692002C58D5 /* ViewController.m in Sources */,
				08A9158820BA8A4A002C58D5 /* HXTracerouteTool.m in Sources */,
				08A9158B20BAA5AD002C58D5 /* HXTracerouteRecord.m in Sources */,
				08A9156120BA8692002C58D5 /* main.m in Sources */,
				08A9155320BA8692002C58D5 /* AppDelegate.m in Sources */,
				08A9158520BA8728002C58D5 /* HXTraceroute.m in Sources */,
			);
			runOnlyForDeploymentPostprocessing = 0;
		};
		08A9156220BA8692002C58D5 /* Sources */ = {
			isa = PBXSourcesBuildPhase;
			buildActionMask = 2147483647;
			files = (
				08A9156B20BA8692002C58D5 /* MyTracerouteTests.m in Sources */,
			);
			runOnlyForDeploymentPostprocessing = 0;
		};
		08A9156D20BA8692002C58D5 /* Sources */ = {
			isa = PBXSourcesBuildPhase;
			buildActionMask = 2147483647;
			files = (
				08A9157620BA8692002C58D5 /* MyTracerouteUITests.m in Sources */,
			);
			runOnlyForDeploymentPostprocessing = 0;
		};
/* End PBXSourcesBuildPhase section */

/* Begin PBXTargetDependency section */
		08A9156820BA8692002C58D5 /* PBXTargetDependency */ = {
			isa = PBXTargetDependency;
			target = 08A9154D20BA8692002C58D5 /* MyTraceroute */;
			targetProxy = 08A9156720BA8692002C58D5 /* PBXContainerItemProxy */;
		};
		08A9157320BA8692002C58D5 /* PBXTargetDependency */ = {
			isa = PBXTargetDependency;
			target = 08A9154D20BA8692002C58D5 /* MyTraceroute */;
			targetProxy = 08A9157220BA8692002C58D5 /* PBXContainerItemProxy */;
		};
/* End PBXTargetDependency section */

/* Begin PBXVariantGroup section */
		08A9155720BA8692002C58D5 /* Main.storyboard */ = {
			isa = PBXVariantGroup;
			children = (
				08A9155820BA8692002C58D5 /* Base */,
			);
			name = Main.storyboard;
			sourceTree = "<group>";
		};
		08A9155C20BA8692002C58D5 /* LaunchScreen.storyboard */ = {
			isa = PBXVariantGroup;
			children = (
				08A9155D20BA8692002C58D5 /* Base */,
			);
			name = LaunchScreen.storyboard;
			sourceTree = "<group>";
		};
/* End PBXVariantGroup section */

/* Begin XCBuildConfiguration section */
		08A9157820BA8692002C58D5 /* Debug */ = {
			isa = XCBuildConfiguration;
			buildSettings = {
				ALWAYS_SEARCH_USER_PATHS = NO;
				CLANG_ANALYZER_NONNULL = YES;
				CLANG_ANALYZER_NUMBER_OBJECT_CONVERSION = YES_AGGRESSIVE;
				CLANG_CXX_LANGUAGE_STANDARD = "gnu++14";
				CLANG_CXX_LIBRARY = "libc++";
				CLANG_ENABLE_MODULES = YES;
				CLANG_ENABLE_OBJC_ARC = YES;
				CLANG_WARN_BLOCK_CAPTURE_AUTORELEASING = YES;
				CLANG_WARN_BOOL_CONVERSION = YES;
				CLANG_WARN_COMMA = YES;
				CLANG_WARN_CONSTANT_CONVERSION = YES;
				CLANG_WARN_DIRECT_OBJC_ISA_USAGE = YES_ERROR;
				CLANG_WARN_DOCUMENTATION_COMMENTS = YES;
				CLANG_WARN_EMPTY_BODY = YES;
				CLANG_WARN_ENUM_CONVERSION = YES;
				CLANG_WARN_INFINITE_RECURSION = YES;
				CLANG_WARN_INT_CONVERSION = YES;
				CLANG_WARN_NON_LITERAL_NULL_CONVERSION = YES;
				CLANG_WARN_OBJC_LITERAL_CONVERSION = YES;
				CLANG_WARN_OBJC_ROOT_CLASS = YES_ERROR;
				CLANG_WARN_RANGE_LOOP_ANALYSIS = YES;
				CLANG_WARN_STRICT_PROTOTYPES = YES;
				CLANG_WARN_SUSPICIOUS_MOVE = YES;
				CLANG_WARN_UNGUARDED_AVAILABILITY = YES_AGGRESSIVE;
				CLANG_WARN_UNREACHABLE_CODE = YES;
				CLANG_WARN__DUPLICATE_METHOD_MATCH = YES;
				CODE_SIGN_IDENTITY = "iPhone Developer";
				COPY_PHASE_STRIP = NO;
				DEBUG_INFORMATION_FORMAT = dwarf;
				ENABLE_STRICT_OBJC_MSGSEND = YES;
				ENABLE_TESTABILITY = YES;
				GCC_C_LANGUAGE_STANDARD = gnu11;
				GCC_DYNAMIC_NO_PIC = NO;
				GCC_NO_COMMON_BLOCKS = YES;
				GCC_OPTIMIZATION_LEVEL = 0;
				GCC_PREPROCESSOR_DEFINITIONS = (
					"DEBUG=1",
					"$(inherited)",
				);
				GCC_WARN_64_TO_32_BIT_CONVERSION = YES;
				GCC_WARN_ABOUT_RETURN_TYPE = YES_ERROR;
				GCC_WARN_UNDECLARED_SELECTOR = YES;
				GCC_WARN_UNINITIALIZED_AUTOS = YES_AGGRESSIVE;
				GCC_WARN_UNUSED_FUNCTION = YES;
				GCC_WARN_UNUSED_VARIABLE = YES;
				IPHONEOS_DEPLOYMENT_TARGET = 11.0;
				MTL_ENABLE_DEBUG_INFO = YES;
				ONLY_ACTIVE_ARCH = YES;
				SDKROOT = iphoneos;
			};
			name = Debug;
		};
		08A9157920BA8692002C58D5 /* Release */ = {
			isa = XCBuildConfiguration;
			buildSettings = {
				ALWAYS_SEARCH_USER_PATHS = NO;
				CLANG_ANALYZER_NONNULL = YES;
				CLANG_ANALYZER_NUMBER_OBJECT_CONVERSION = YES_AGGRESSIVE;
				CLANG_CXX_LANGUAGE_STANDARD = "gnu++14";
				CLANG_CXX_LIBRARY = "libc++";
				CLANG_ENABLE_MODULES = YES;
				CLANG_ENABLE_OBJC_ARC = YES;
				CLANG_WARN_BLOCK_CAPTURE_AUTORELEASING = YES;
				CLANG_WARN_BOOL_CONVERSION = YES;
				CLANG_WARN_COMMA = YES;
				CLANG_WARN_CONSTANT_CONVERSION = YES;
				CLANG_WARN_DIRECT_OBJC_ISA_USAGE = YES_ERROR;
				CLANG_WARN_DOCUMENTATION_COMMENTS = YES;
				CLANG_WARN_EMPTY_BODY = YES;
				CLANG_WARN_ENUM_CONVERSION = YES;
				CLANG_WARN_INFINITE_RECURSION = YES;
				CLANG_WARN_INT_CONVERSION = YES;
				CLANG_WARN_NON_LITERAL_NULL_CONVERSION = YES;
				CLANG_WARN_OBJC_LITERAL_CONVERSION = YES;
				CLANG_WARN_OBJC_ROOT_CLASS = YES_ERROR;
				CLANG_WARN_RANGE_LOOP_ANALYSIS = YES;
				CLANG_WARN_STRICT_PROTOTYPES = YES;
				CLANG_WARN_SUSPICIOUS_MOVE = YES;
				CLANG_WARN_UNGUARDED_AVAILABILITY = YES_AGGRESSIVE;
				CLANG_WARN_UNREACHABLE_CODE = YES;
				CLANG_WARN__DUPLICATE_METHOD_MATCH = YES;
				CODE_SIGN_IDENTITY = "iPhone Developer";
				COPY_PHASE_STRIP = NO;
				DEBUG_INFORMATION_FORMAT = "dwarf-with-dsym";
				ENABLE_NS_ASSERTIONS = NO;
				ENABLE_STRICT_OBJC_MSGSEND = YES;
				GCC_C_LANGUAGE_STANDARD = gnu11;
				GCC_NO_COMMON_BLOCKS = YES;
				GCC_WARN_64_TO_32_BIT_CONVERSION = YES;
				GCC_WARN_ABOUT_RETURN_TYPE = YES_ERROR;
				GCC_WARN_UNDECLARED_SELECTOR = YES;
				GCC_WARN_UNINITIALIZED_AUTOS = YES_AGGRESSIVE;
				GCC_WARN_UNUSED_FUNCTION = YES;
				GCC_WARN_UNUSED_VARIABLE = YES;
				IPHONEOS_DEPLOYMENT_TARGET = 11.0;
				MTL_ENABLE_DEBUG_INFO = NO;
				SDKROOT = iphoneos;
				VALIDATE_PRODUCT = YES;
			};
			name = Release;
		};
		08A9157B20BA8692002C58D5 /* Debug */ = {
			isa = XCBuildConfiguration;
			buildSettings = {
				ASSETCATALOG_COMPILER_APPICON_NAME = AppIcon;
				CODE_SIGN_STYLE = Automatic;
				INFOPLIST_FILE = MyTraceroute/Info.plist;
				LD_RUNPATH_SEARCH_PATHS = "$(inherited) @executable_path/Frameworks";
				PRODUCT_BUNDLE_IDENTIFIER = redrock.MyTraceroute;
				PRODUCT_NAME = "$(TARGET_NAME)";
				TARGETED_DEVICE_FAMILY = "1,2";
			};
			name = Debug;
		};
		08A9157C20BA8692002C58D5 /* Release */ = {
			isa = XCBuildConfiguration;
			buildSettings = {
				ASSETCATALOG_COMPILER_APPICON_NAME = AppIcon;
				CODE_SIGN_STYLE = Automatic;
				INFOPLIST_FILE = MyTraceroute/Info.plist;
				LD_RUNPATH_SEARCH_PATHS = "$(inherited) @executable_path/Frameworks";
				PRODUCT_BUNDLE_IDENTIFIER = redrock.MyTraceroute;
				PRODUCT_NAME = "$(TARGET_NAME)";
				TARGETED_DEVICE_FAMILY = "1,2";
			};
			name = Release;
		};
		08A9157E20BA8692002C58D5 /* Debug */ = {
			isa = XCBuildConfiguration;
			buildSettings = {
				BUNDLE_LOADER = "$(TEST_HOST)";
				CODE_SIGN_STYLE = Automatic;
				INFOPLIST_FILE = MyTracerouteTests/Info.plist;
				LD_RUNPATH_SEARCH_PATHS = "$(inherited) @executable_path/Frameworks @loader_path/Frameworks";
				PRODUCT_BUNDLE_IDENTIFIER = redrock.MyTracerouteTests;
				PRODUCT_NAME = "$(TARGET_NAME)";
				TARGETED_DEVICE_FAMILY = "1,2";
				TEST_HOST = "$(BUILT_PRODUCTS_DIR)/MyTraceroute.app/MyTraceroute";
			};
			name = Debug;
		};
		08A9157F20BA8692002C58D5 /* Release */ = {
			isa = XCBuildConfiguration;
			buildSettings = {
				BUNDLE_LOADER = "$(TEST_HOST)";
				CODE_SIGN_STYLE = Automatic;
				INFOPLIST_FILE = MyTracerouteTests/Info.plist;
				LD_RUNPATH_SEARCH_PATHS = "$(inherited) @executable_path/Frameworks @loader_path/Frameworks";
				PRODUCT_BUNDLE_IDENTIFIER = redrock.MyTracerouteTests;
				PRODUCT_NAME = "$(TARGET_NAME)";
				TARGETED_DEVICE_FAMILY = "1,2";
				TEST_HOST = "$(BUILT_PRODUCTS_DIR)/MyTraceroute.app/MyTraceroute";
			};
			name = Release;
		};
		08A9158120BA8692002C58D5 /* Debug */ = {
			isa = XCBuildConfiguration;
			buildSettings = {
				CODE_SIGN_STYLE = Automatic;
				INFOPLIST_FILE = MyTracerouteUITests/Info.plist;
				LD_RUNPATH_SEARCH_PATHS = "$(inherited) @executable_path/Frameworks @loader_path/Frameworks";
				PRODUCT_BUNDLE_IDENTIFIER = redrock.MyTracerouteUITests;
				PRODUCT_NAME = "$(TARGET_NAME)";
				TARGETED_DEVICE_FAMILY = "1,2";
				TEST_TARGET_NAME = MyTraceroute;
			};
			name = Debug;
		};
		08A9158220BA8692002C58D5 /* Release */ = {
			isa = XCBuildConfiguration;
			buildSettings = {
				CODE_SIGN_STYLE = Automatic;
				INFOPLIST_FILE = MyTracerouteUITests/Info.plist;
				LD_RUNPATH_SEARCH_PATHS = "$(inherited) @executable_path/Frameworks @loader_path/Frameworks";
				PRODUCT_BUNDLE_IDENTIFIER = redrock.MyTracerouteUITests;
				PRODUCT_NAME = "$(TARGET_NAME)";
				TARGETED_DEVICE_FAMILY = "1,2";
				TEST_TARGET_NAME = MyTraceroute;
			};
			name = Release;
		};
/* End XCBuildConfiguration section */

/* Begin XCConfigurationList section */
		08A9154920BA8692002C58D5 /* Build configuration list for PBXProject "MyTraceroute" */ = {
			isa = XCConfigurationList;
			buildConfigurations = (
				08A9157820BA8692002C58D5 /* Debug */,
				08A9157920BA8692002C58D5 /* Release */,
			);
			defaultConfigurationIsVisible = 0;
			defaultConfigurationName = Release;
		};
		08A9157A20BA8692002C58D5 /* Build configuration list for PBXNativeTarget "MyTraceroute" */ = {
			isa = XCConfigurationList;
			buildConfigurations = (
				08A9157B20BA8692002C58D5 /* Debug */,
				08A9157C20BA8692002C58D5 /* Release */,
			);
			defaultConfigurationIsVisible = 0;
			defaultConfigurationName = Release;
		};
		08A9157D20BA8692002C58D5 /* Build configuration list for PBXNativeTarget "MyTracerouteTests" */ = {
			isa = XCConfigurationList;
			buildConfigurations = (
				08A9157E20BA8692002C58D5 /* Debug */,
				08A9157F20BA8692002C58D5 /* Release */,
			);
			defaultConfigurationIsVisible = 0;
			defaultConfigurationName = Release;
		};
		08A9158020BA8692002C58D5 /* Build configuration list for PBXNativeTarget "MyTracerouteUITests" */ = {
			isa = XCConfigurationList;
			buildConfigurations = (
				08A9158120BA8692002C58D5 /* Debug */,
				08A9158220BA8692002C58D5 /* Release */,
			);
			defaultConfigurationIsVisible = 0;
			defaultConfigurationName = Release;
		};
/* End XCConfigurationList section */
	};
	rootObject = 08A9154620BA8692002C58D5 /* Project object */;
}
